
Microsoft Visual Studio Solution File, Format Version 12.00
# Visual Studio Version 17
VisualStudioVersion = 17.4.33205.214
MinimumVisualStudioVersion = 10.0.40219.1
Project("{FAE04EC0-301F-11D3-BF4B-00C04F79EFBC}") = "use-a-cabeca-cap-05-ex-01", "use-a-cabeca-cap-05-ex-01\use-a-cabeca-cap-05-ex-01.csproj", "{32560288-66A9-4561-85B8-3784251C9499}"
EndProject
Global
	GlobalSection(SolutionConfigurationPlatforms) = preSolution
		Debug|Any CPU = Debug|Any CPU
		Release|Any CPU = Release|Any CPU
	EndGlobalSection
	GlobalSection(ProjectConfigurationPlatforms) = postSolution
		{32560288-66A9-4561-85B8-3784251C9499}.Debug|Any CPU.ActiveCfg = Debug|Any CPU
		{32560288-66A9-4561-85B8-3784251C9499}.Debug|Any CPU.Build.0 = Debug|Any CPU
		{32560288-66A9-4561-85B8-3784251C9499}.Release|Any CPU.ActiveCfg = Release|Any CPU
		{32560288-66A9-4561-85B8-3784251C9499}.Release|Any CPU.Build.0 = Release|Any CPU
	EndGlobalSection
	GlobalSection(SolutionProperties) = preSolution
		HideSolutionNode = FALSE
	EndGlobalSection
	GlobalSection(ExtensibilityGlobals) = postSolution
		SolutionGuid = {DE7825F7-661C-41AA-B7F6-6ACCD1D0C4D6}
	EndGlobalSection
EndGlobal
