
Microsoft Visual Studio Solution File, Format Version 12.00
# Visual Studio Version 17
VisualStudioVersion = 17.5.33516.290
MinimumVisualStudioVersion = 10.0.40219.1
Project("{FAE04EC0-301F-11D3-BF4B-00C04F79EFBC}") = "use-a-cabeca-cap-08", "use-a-cabeca-cap-08\use-a-cabeca-cap-08.csproj", "{627C2084-44D7-47A4-858F-9D982F71CA07}"
EndProject
Global
	GlobalSection(SolutionConfigurationPlatforms) = preSolution
		Debug|Any CPU = Debug|Any CPU
		Release|Any CPU = Release|Any CPU
	EndGlobalSection
	GlobalSection(ProjectConfigurationPlatforms) = postSolution
		{627C2084-44D7-47A4-858F-9D982F71CA07}.Debug|Any CPU.ActiveCfg = Debug|Any CPU
		{627C2084-44D7-47A4-858F-9D982F71CA07}.Debug|Any CPU.Build.0 = Debug|Any CPU
		{627C2084-44D7-47A4-858F-9D982F71CA07}.Release|Any CPU.ActiveCfg = Release|Any CPU
		{627C2084-44D7-47A4-858F-9D982F71CA07}.Release|Any CPU.Build.0 = Release|Any CPU
	EndGlobalSection
	GlobalSection(SolutionProperties) = preSolution
		HideSolutionNode = FALSE
	EndGlobalSection
	GlobalSection(ExtensibilityGlobals) = postSolution
		SolutionGuid = {57A640D5-EA1E-4A35-95E5-0A84BED7F031}
	EndGlobalSection
EndGlobal
